
Microsoft Visual Studio Solution File, Format Version 12.00
# Visual Studio 15
VisualStudioVersion = 15.0.27130.2027
MinimumVisualStudioVersion = 10.0.40219.1
Project("{9A19103F-16F7-4668-BE54-9A1E7A4F7556}") = "EduSmart", "EduSmart.csproj", "{C1C5F56E-7677-4308-9F8D-343566EB4193}"
EndProject
Global
	GlobalSection(SolutionConfigurationPlatforms) = preSolution
		Debug|Any CPU = Debug|Any CPU
		Release|Any CPU = Release|Any CPU
	EndGlobalSection
	GlobalSection(ProjectConfigurationPlatforms) = postSolution
		{C1C5F56E-7677-4308-9F8D-343566EB4193}.Debug|Any CPU.ActiveCfg = Debug|Any CPU
		{C1C5F56E-7677-4308-9F8D-343566EB4193}.Debug|Any CPU.Build.0 = Debug|Any CPU
		{C1C5F56E-7677-4308-9F8D-343566EB4193}.Release|Any CPU.ActiveCfg = Release|Any CPU
		{C1C5F56E-7677-4308-9F8D-343566EB4193}.Release|Any CPU.Build.0 = Release|Any CPU
	EndGlobalSection
	GlobalSection(SolutionProperties) = preSolution
		HideSolutionNode = FALSE
	EndGlobalSection
	GlobalSection(ExtensibilityGlobals) = postSolution
		SolutionGuid = {73BB1478-5BD1-4922-9A61-A766E6751E4B}
	EndGlobalSection
EndGlobal
